// !$*UTF8*$!
{
	archiveVersion = 1;
	classes = {
	};
	objectVersion = 52;
	objects = {

/* Begin PBXBuildFile section */
		05E062BA4C4F0CEB80FFE468 /* Pods_UseCoreNFCTests.framework in Frameworks */ = {isa = PBXBuildFile; fileRef = 5479D552ECA4F17EE7382654 /* Pods_UseCoreNFCTests.framework */; };
		49090F9E050BA225995991F8 /* Pods_UseCoreNFC_UseCoreNFCUITests.framework in Frameworks */ = {isa = PBXBuildFile; fileRef = D46B72981DA6FD695FC32CAA /* Pods_UseCoreNFC_UseCoreNFCUITests.framework */; };
		92199FCE252E79C100C6088B /* UseCoreNFC.xcdatamodeld in Sources */ = {isa = PBXBuildFile; fileRef = 92199FCC252E79C100C6088B /* UseCoreNFC.xcdatamodeld */; };
		92199FDC252E7C5400C6088B /* NSManagedObjectContext+Extensions.swift in Sources */ = {isa = PBXBuildFile; fileRef = 92199FDB252E7C5400C6088B /* NSManagedObjectContext+Extensions.swift */; };
		92199FE5252E806400C6088B /* CoreDataManager.swift in Sources */ = {isa = PBXBuildFile; fileRef = 92199FE4252E806400C6088B /* CoreDataManager.swift */; };
		92199FEF252E861800C6088B /* RecordModel.swift in Sources */ = {isa = PBXBuildFile; fileRef = 92199FEE252E861800C6088B /* RecordModel.swift */; };
		92199FF4252E868C00C6088B /* RecordViewModel.swift in Sources */ = {isa = PBXBuildFile; fileRef = 92199FF3252E868C00C6088B /* RecordViewModel.swift */; };
		92199FF9252E883000C6088B /* AddRecordViewModel.swift in Sources */ = {isa = PBXBuildFile; fileRef = 92199FF8252E883000C6088B /* AddRecordViewModel.swift */; };
		92474DAA2526EA3300DB6CBD /* NfcWriteViewModel.swift in Sources */ = {isa = PBXBuildFile; fileRef = 92474DA92526EA3300DB6CBD /* NfcWriteViewModel.swift */; };
		92474DD02526F20000DB6CBD /* DateFormatter.swift in Sources */ = {isa = PBXBuildFile; fileRef = 92474DCF2526F20000DB6CBD /* DateFormatter.swift */; };
		9269E75325392A1A00671C67 /* SwiftUICharts in Frameworks */ = {isa = PBXBuildFile; productRef = 9269E75225392A1A00671C67 /* SwiftUICharts */; };
		92836E3425637EDB00A37DBC /* LaunchScreen.storyboard in Resources */ = {isa = PBXBuildFile; fileRef = 92836E3325637EDB00A37DBC /* LaunchScreen.storyboard */; };
		928D53F5252495AA004AB475 /* AppDelegate.swift in Sources */ = {isa = PBXBuildFile; fileRef = 928D53F4252495AA004AB475 /* AppDelegate.swift */; };
		928D53F7252495AA004AB475 /* SceneDelegate.swift in Sources */ = {isa = PBXBuildFile; fileRef = 928D53F6252495AA004AB475 /* SceneDelegate.swift */; };
		928D53F9252495AA004AB475 /* ContentView.swift in Sources */ = {isa = PBXBuildFile; fileRef = 928D53F8252495AA004AB475 /* ContentView.swift */; };
		928D5401252495AB004AB475 /* LaunchScreen.storyboard in Resources */ = {isa = PBXBuildFile; fileRef = 928D53FF252495AB004AB475 /* LaunchScreen.storyboard */; };
		928D540C252495AB004AB475 /* UseCoreNFCTests.swift in Sources */ = {isa = PBXBuildFile; fileRef = 928D540B252495AB004AB475 /* UseCoreNFCTests.swift */; };
		928D5417252495AB004AB475 /* UseCoreNFCUITests.swift in Sources */ = {isa = PBXBuildFile; fileRef = 928D5416252495AB004AB475 /* UseCoreNFCUITests.swift */; };
		92E3C09425722EAE0042EAB6 /* WriteView.swift in Sources */ = {isa = PBXBuildFile; fileRef = 92E3C09325722EAE0042EAB6 /* WriteView.swift */; };
		92FE4CB02529A73F00589C2E /* CardView.swift in Sources */ = {isa = PBXBuildFile; fileRef = 92FE4CAF2529A73F00589C2E /* CardView.swift */; };
		AE481C0944460FAA9B83CD8C /* Pods_UseCoreNFC.framework in Frameworks */ = {isa = PBXBuildFile; fileRef = D361271D10D6B83B2731837D /* Pods_UseCoreNFC.framework */; };
/* End PBXBuildFile section */

/* Begin PBXContainerItemProxy section */
		928D5408252495AB004AB475 /* PBXContainerItemProxy */ = {
			isa = PBXContainerItemProxy;
			containerPortal = 928D53E9252495AA004AB475 /* Project object */;
			proxyType = 1;
			remoteGlobalIDString = 928D53F0252495AA004AB475;
			remoteInfo = UseCoreNFC;
		};
		928D5413252495AB004AB475 /* PBXContainerItemProxy */ = {
			isa = PBXContainerItemProxy;
			containerPortal = 928D53E9252495AA004AB475 /* Project object */;
			proxyType = 1;
			remoteGlobalIDString = 928D53F0252495AA004AB475;
			remoteInfo = UseCoreNFC;
		};
/* End PBXContainerItemProxy section */

/* Begin PBXFileReference section */
		0BDCF754765C9BB55AE52333 /* Pods-UseCoreNFC-UseCoreNFCUITests.debug.xcconfig */ = {isa = PBXFileReference; includeInIndex = 1; lastKnownFileType = text.xcconfig; name = "Pods-UseCoreNFC-UseCoreNFCUITests.debug.xcconfig"; path = "Target Support Files/Pods-UseCoreNFC-UseCoreNFCUITests/Pods-UseCoreNFC-UseCoreNFCUITests.debug.xcconfig"; sourceTree = "<group>"; };
		1ECFD2AC7A7701057ACED8BB /* Pods-UseCoreNFC.debug.xcconfig */ = {isa = PBXFileReference; includeInIndex = 1; lastKnownFileType = text.xcconfig; name = "Pods-UseCoreNFC.debug.xcconfig"; path = "Target Support Files/Pods-UseCoreNFC/Pods-UseCoreNFC.debug.xcconfig"; sourceTree = "<group>"; };
		43F57393BAAC4914AAA4E054 /* Pods-UseCoreNFCTests.debug.xcconfig */ = {isa = PBXFileReference; includeInIndex = 1; lastKnownFileType = text.xcconfig; name = "Pods-UseCoreNFCTests.debug.xcconfig"; path = "Target Support Files/Pods-UseCoreNFCTests/Pods-UseCoreNFCTests.debug.xcconfig"; sourceTree = "<group>"; };
		4CF41C43F8B2EBAE266C66CC /* Pods-UseCoreNFCTests.release.xcconfig */ = {isa = PBXFileReference; includeInIndex = 1; lastKnownFileType = text.xcconfig; name = "Pods-UseCoreNFCTests.release.xcconfig"; path = "Target Support Files/Pods-UseCoreNFCTests/Pods-UseCoreNFCTests.release.xcconfig"; sourceTree = "<group>"; };
		5479D552ECA4F17EE7382654 /* Pods_UseCoreNFCTests.framework */ = {isa = PBXFileReference; explicitFileType = wrapper.framework; includeInIndex = 0; path = Pods_UseCoreNFCTests.framework; sourceTree = BUILT_PRODUCTS_DIR; };
		92199FCD252E79C100C6088B /* UseCoreNFC.xcdatamodel */ = {isa = PBXFileReference; lastKnownFileType = wrapper.xcdatamodel; path = UseCoreNFC.xcdatamodel; sourceTree = "<group>"; };
		92199FDB252E7C5400C6088B /* NSManagedObjectContext+Extensions.swift */ = {isa = PBXFileReference; lastKnownFileType = sourcecode.swift; path = "NSManagedObjectContext+Extensions.swift"; sourceTree = "<group>"; };
		92199FE4252E806400C6088B /* CoreDataManager.swift */ = {isa = PBXFileReference; lastKnownFileType = sourcecode.swift; path = CoreDataManager.swift; sourceTree = "<group>"; };
		92199FEE252E861800C6088B /* RecordModel.swift */ = {isa = PBXFileReference; lastKnownFileType = sourcecode.swift; path = RecordModel.swift; sourceTree = "<group>"; };
		92199FF3252E868C00C6088B /* RecordViewModel.swift */ = {isa = PBXFileReference; lastKnownFileType = sourcecode.swift; path = RecordViewModel.swift; sourceTree = "<group>"; };
		92199FF8252E883000C6088B /* AddRecordViewModel.swift */ = {isa = PBXFileReference; lastKnownFileType = sourcecode.swift; path = AddRecordViewModel.swift; sourceTree = "<group>"; };
		92474DA92526EA3300DB6CBD /* NfcWriteViewModel.swift */ = {isa = PBXFileReference; lastKnownFileType = sourcecode.swift; path = NfcWriteViewModel.swift; sourceTree = "<group>"; };
		92474DCF2526F20000DB6CBD /* DateFormatter.swift */ = {isa = PBXFileReference; lastKnownFileType = sourcecode.swift; path = DateFormatter.swift; sourceTree = "<group>"; };
		92836E3325637EDB00A37DBC /* LaunchScreen.storyboard */ = {isa = PBXFileReference; lastKnownFileType = file.storyboard; path = LaunchScreen.storyboard; sourceTree = "<group>"; };
		92854F11252DD4B0003F4CBE /* RealmSwift.framework */ = {isa = PBXFileReference; lastKnownFileType = wrapper.framework; name = RealmSwift.framework; path = "../../../Downloads/realm-swift-5.4.8/ios/swift-12.0/RealmSwift.framework"; sourceTree = "<group>"; };
		92854F12252DD4B0003F4CBE /* Realm.framework */ = {isa = PBXFileReference; lastKnownFileType = wrapper.framework; name = Realm.framework; path = "../../../Downloads/realm-swift-5.4.8/ios/swift-12.0/Realm.framework"; sourceTree = "<group>"; };
		928D53F1252495AA004AB475 /* UseCoreNFC.app */ = {isa = PBXFileReference; explicitFileType = wrapper.application; includeInIndex = 0; path = UseCoreNFC.app; sourceTree = BUILT_PRODUCTS_DIR; };
		928D53F4252495AA004AB475 /* AppDelegate.swift */ = {isa = PBXFileReference; lastKnownFileType = sourcecode.swift; path = AppDelegate.swift; sourceTree = "<group>"; };
		928D53F6252495AA004AB475 /* SceneDelegate.swift */ = {isa = PBXFileReference; lastKnownFileType = sourcecode.swift; path = SceneDelegate.swift; sourceTree = "<group>"; };
		928D53F8252495AA004AB475 /* ContentView.swift */ = {isa = PBXFileReference; lastKnownFileType = sourcecode.swift; path = ContentView.swift; sourceTree = "<group>"; };
		928D53FA252495AB004AB475 /* Assets.xcassets */ = {isa = PBXFileReference; lastKnownFileType = folder.assetcatalog; path = Assets.xcassets; sourceTree = "<group>"; };
		928D53FD252495AB004AB475 /* Preview Assets.xcassets */ = {isa = PBXFileReference; lastKnownFileType = folder.assetcatalog; path = "Preview Assets.xcassets"; sourceTree = "<group>"; };
		928D5400252495AB004AB475 /* Base */ = {isa = PBXFileReference; lastKnownFileType = file.storyboard; name = Base; path = Base.lproj/LaunchScreen.storyboard; sourceTree = "<group>"; };
		928D5402252495AB004AB475 /* Info.plist */ = {isa = PBXFileReference; lastKnownFileType = text.plist.xml; path = Info.plist; sourceTree = "<group>"; };
		928D5407252495AB004AB475 /* UseCoreNFCTests.xctest */ = {isa = PBXFileReference; explicitFileType = wrapper.cfbundle; includeInIndex = 0; path = UseCoreNFCTests.xctest; sourceTree = BUILT_PRODUCTS_DIR; };
		928D540B252495AB004AB475 /* UseCoreNFCTests.swift */ = {isa = PBXFileReference; lastKnownFileType = sourcecode.swift; path = UseCoreNFCTests.swift; sourceTree = "<group>"; };
		928D540D252495AB004AB475 /* Info.plist */ = {isa = PBXFileReference; lastKnownFileType = text.plist.xml; path = Info.plist; sourceTree = "<group>"; };
		928D5412252495AB004AB475 /* UseCoreNFCUITests.xctest */ = {isa = PBXFileReference; explicitFileType = wrapper.cfbundle; includeInIndex = 0; path = UseCoreNFCUITests.xctest; sourceTree = BUILT_PRODUCTS_DIR; };
		928D5416252495AB004AB475 /* UseCoreNFCUITests.swift */ = {isa = PBXFileReference; lastKnownFileType = sourcecode.swift; path = UseCoreNFCUITests.swift; sourceTree = "<group>"; };
		928D5418252495AB004AB475 /* Info.plist */ = {isa = PBXFileReference; lastKnownFileType = text.plist.xml; path = Info.plist; sourceTree = "<group>"; };
		928D542725253313004AB475 /* UseCoreNFC.entitlements */ = {isa = PBXFileReference; lastKnownFileType = text.plist.entitlements; path = UseCoreNFC.entitlements; sourceTree = "<group>"; };
		92E3C09325722EAE0042EAB6 /* WriteView.swift */ = {isa = PBXFileReference; lastKnownFileType = sourcecode.swift; path = WriteView.swift; sourceTree = "<group>"; };
		92FE4CAF2529A73F00589C2E /* CardView.swift */ = {isa = PBXFileReference; lastKnownFileType = sourcecode.swift; path = CardView.swift; sourceTree = "<group>"; };
		9649575EBB6468C70C6998E5 /* Pods-UseCoreNFC.release.xcconfig */ = {isa = PBXFileReference; includeInIndex = 1; lastKnownFileType = text.xcconfig; name = "Pods-UseCoreNFC.release.xcconfig"; path = "Target Support Files/Pods-UseCoreNFC/Pods-UseCoreNFC.release.xcconfig"; sourceTree = "<group>"; };
		D361271D10D6B83B2731837D /* Pods_UseCoreNFC.framework */ = {isa = PBXFileReference; explicitFileType = wrapper.framework; includeInIndex = 0; path = Pods_UseCoreNFC.framework; sourceTree = BUILT_PRODUCTS_DIR; };
		D46B72981DA6FD695FC32CAA /* Pods_UseCoreNFC_UseCoreNFCUITests.framework */ = {isa = PBXFileReference; explicitFileType = wrapper.framework; includeInIndex = 0; path = Pods_UseCoreNFC_UseCoreNFCUITests.framework; sourceTree = BUILT_PRODUCTS_DIR; };
		D5D2159C0B4146CFB55CCB25 /* Pods-UseCoreNFC-UseCoreNFCUITests.release.xcconfig */ = {isa = PBXFileReference; includeInIndex = 1; lastKnownFileType = text.xcconfig; name = "Pods-UseCoreNFC-UseCoreNFCUITests.release.xcconfig"; path = "Target Support Files/Pods-UseCoreNFC-UseCoreNFCUITests/Pods-UseCoreNFC-UseCoreNFCUITests.release.xcconfig"; sourceTree = "<group>"; };
/* End PBXFileReference section */

/* Begin PBXFrameworksBuildPhase section */
		928D53EE252495AA004AB475 /* Frameworks */ = {
			isa = PBXFrameworksBuildPhase;
			buildActionMask = 2147483647;
			files = (
				9269E75325392A1A00671C67 /* SwiftUICharts in Frameworks */,
				AE481C0944460FAA9B83CD8C /* Pods_UseCoreNFC.framework in Frameworks */,
			);
			runOnlyForDeploymentPostprocessing = 0;
		};
		928D5404252495AB004AB475 /* Frameworks */ = {
			isa = PBXFrameworksBuildPhase;
			buildActionMask = 2147483647;
			files = (
				05E062BA4C4F0CEB80FFE468 /* Pods_UseCoreNFCTests.framework in Frameworks */,
			);
			runOnlyForDeploymentPostprocessing = 0;
		};
		928D540F252495AB004AB475 /* Frameworks */ = {
			isa = PBXFrameworksBuildPhase;
			buildActionMask = 2147483647;
			files = (
				49090F9E050BA225995991F8 /* Pods_UseCoreNFC_UseCoreNFCUITests.framework in Frameworks */,
			);
			runOnlyForDeploymentPostprocessing = 0;
		};
/* End PBXFrameworksBuildPhase section */

/* Begin PBXGroup section */
		286ABE589AC277FAFD787E27 /* Pods */ = {
			isa = PBXGroup;
			children = (
				1ECFD2AC7A7701057ACED8BB /* Pods-UseCoreNFC.debug.xcconfig */,
				9649575EBB6468C70C6998E5 /* Pods-UseCoreNFC.release.xcconfig */,
				0BDCF754765C9BB55AE52333 /* Pods-UseCoreNFC-UseCoreNFCUITests.debug.xcconfig */,
				D5D2159C0B4146CFB55CCB25 /* Pods-UseCoreNFC-UseCoreNFCUITests.release.xcconfig */,
				43F57393BAAC4914AAA4E054 /* Pods-UseCoreNFCTests.debug.xcconfig */,
				4CF41C43F8B2EBAE266C66CC /* Pods-UseCoreNFCTests.release.xcconfig */,
			);
			path = Pods;
			sourceTree = "<group>";
		};
		92199FCB252E791300C6088B /* Healper */ = {
			isa = PBXGroup;
			children = (
				92474DCF2526F20000DB6CBD /* DateFormatter.swift */,
				92474DA92526EA3300DB6CBD /* NfcWriteViewModel.swift */,
			);
			path = Healper;
			sourceTree = "<group>";
		};
		92199FDA252E7B5500C6088B /* Extensions */ = {
			isa = PBXGroup;
			children = (
				92199FDB252E7C5400C6088B /* NSManagedObjectContext+Extensions.swift */,
			);
			path = Extensions;
			sourceTree = "<group>";
		};
		92199FED252E860800C6088B /* Model */ = {
			isa = PBXGroup;
			children = (
				92199FEE252E861800C6088B /* RecordModel.swift */,
			);
			path = Model;
			sourceTree = "<group>";
		};
		92474D982526E7E800DB6CBD /* View */ = {
			isa = PBXGroup;
			children = (
				928D53F8252495AA004AB475 /* ContentView.swift */,
				92FE4CAF2529A73F00589C2E /* CardView.swift */,
				92E3C09325722EAE0042EAB6 /* WriteView.swift */,
			);
			path = View;
			sourceTree = "<group>";
		};
		92854F10252DD4B0003F4CBE /* Frameworks */ = {
			isa = PBXGroup;
			children = (
				92854F12252DD4B0003F4CBE /* Realm.framework */,
				92854F11252DD4B0003F4CBE /* RealmSwift.framework */,
				D361271D10D6B83B2731837D /* Pods_UseCoreNFC.framework */,
				D46B72981DA6FD695FC32CAA /* Pods_UseCoreNFC_UseCoreNFCUITests.framework */,
				5479D552ECA4F17EE7382654 /* Pods_UseCoreNFCTests.framework */,
			);
			name = Frameworks;
			sourceTree = "<group>";
		};
		928D53E8252495AA004AB475 = {
			isa = PBXGroup;
			children = (
				928D53F3252495AA004AB475 /* UseCoreNFC */,
				928D540A252495AB004AB475 /* UseCoreNFCTests */,
				928D5415252495AB004AB475 /* UseCoreNFCUITests */,
				928D53F2252495AA004AB475 /* Products */,
				92854F10252DD4B0003F4CBE /* Frameworks */,
				286ABE589AC277FAFD787E27 /* Pods */,
			);
			sourceTree = "<group>";
		};
		928D53F2252495AA004AB475 /* Products */ = {
			isa = PBXGroup;
			children = (
				928D53F1252495AA004AB475 /* UseCoreNFC.app */,
				928D5407252495AB004AB475 /* UseCoreNFCTests.xctest */,
				928D5412252495AB004AB475 /* UseCoreNFCUITests.xctest */,
			);
			name = Products;
			sourceTree = "<group>";
		};
		928D53F3252495AA004AB475 /* UseCoreNFC */ = {
			isa = PBXGroup;
			children = (
				92EE9B1E25344DB50024D901 /* Service */,
				92199FED252E860800C6088B /* Model */,
				92199FDA252E7B5500C6088B /* Extensions */,
				92199FCB252E791300C6088B /* Healper */,
				92474D982526E7E800DB6CBD /* View */,
				928D53F4252495AA004AB475 /* AppDelegate.swift */,
				928D542725253313004AB475 /* UseCoreNFC.entitlements */,
				928D53F6252495AA004AB475 /* SceneDelegate.swift */,
				928D53FA252495AB004AB475 /* Assets.xcassets */,
				928D53FF252495AB004AB475 /* LaunchScreen.storyboard */,
				928D5402252495AB004AB475 /* Info.plist */,
				928D53FC252495AB004AB475 /* Preview Content */,
				92836E3325637EDB00A37DBC /* LaunchScreen.storyboard */,
			);
			path = UseCoreNFC;
			sourceTree = "<group>";
		};
		928D53FC252495AB004AB475 /* Preview Content */ = {
			isa = PBXGroup;
			children = (
				928D53FD252495AB004AB475 /* Preview Assets.xcassets */,
			);
			path = "Preview Content";
			sourceTree = "<group>";
		};
		928D540A252495AB004AB475 /* UseCoreNFCTests */ = {
			isa = PBXGroup;
			children = (
				928D540B252495AB004AB475 /* UseCoreNFCTests.swift */,
				928D540D252495AB004AB475 /* Info.plist */,
			);
			path = UseCoreNFCTests;
			sourceTree = "<group>";
		};
		928D5415252495AB004AB475 /* UseCoreNFCUITests */ = {
			isa = PBXGroup;
			children = (
				928D5416252495AB004AB475 /* UseCoreNFCUITests.swift */,
				928D5418252495AB004AB475 /* Info.plist */,
			);
			path = UseCoreNFCUITests;
			sourceTree = "<group>";
		};
		92BAF851257228D40086A8F9 /* CoreData */ = {
			isa = PBXGroup;
			children = (
				92199FF3252E868C00C6088B /* RecordViewModel.swift */,
				92199FF8252E883000C6088B /* AddRecordViewModel.swift */,
				92199FE4252E806400C6088B /* CoreDataManager.swift */,
				92199FCC252E79C100C6088B /* UseCoreNFC.xcdatamodeld */,
			);
			name = CoreData;
			sourceTree = "<group>";
		};
		92EE9B1E25344DB50024D901 /* Service */ = {
			isa = PBXGroup;
			children = (
				92BAF851257228D40086A8F9 /* CoreData */,
			);
			path = Service;
			sourceTree = "<group>";
		};
/* End PBXGroup section */

/* Begin PBXNativeTarget section */
		928D53F0252495AA004AB475 /* UseCoreNFC */ = {
			isa = PBXNativeTarget;
			buildConfigurationList = 928D541B252495AB004AB475 /* Build configuration list for PBXNativeTarget "UseCoreNFC" */;
			buildPhases = (
				556BA9379E21EF39DD3613BF /* [CP] Check Pods Manifest.lock */,
				928D53ED252495AA004AB475 /* Sources */,
				928D53EE252495AA004AB475 /* Frameworks */,
				928D53EF252495AA004AB475 /* Resources */,
			);
			buildRules = (
			);
			dependencies = (
			);
			name = UseCoreNFC;
			packageProductDependencies = (
				9269E75225392A1A00671C67 /* SwiftUICharts */,
			);
			productName = UseCoreNFC;
			productReference = 928D53F1252495AA004AB475 /* UseCoreNFC.app */;
			productType = "com.apple.product-type.application";
		};
		928D5406252495AB004AB475 /* UseCoreNFCTests */ = {
			isa = PBXNativeTarget;
			buildConfigurationList = 928D541E252495AB004AB475 /* Build configuration list for PBXNativeTarget "UseCoreNFCTests" */;
			buildPhases = (
				6EBA3C5264E0232F857195AD /* [CP] Check Pods Manifest.lock */,
				928D5403252495AB004AB475 /* Sources */,
				928D5404252495AB004AB475 /* Frameworks */,
				928D5405252495AB004AB475 /* Resources */,
			);
			buildRules = (
			);
			dependencies = (
				928D5409252495AB004AB475 /* PBXTargetDependency */,
			);
			name = UseCoreNFCTests;
			productName = UseCoreNFCTests;
			productReference = 928D5407252495AB004AB475 /* UseCoreNFCTests.xctest */;
			productType = "com.apple.product-type.bundle.unit-test";
		};
		928D5411252495AB004AB475 /* UseCoreNFCUITests */ = {
			isa = PBXNativeTarget;
			buildConfigurationList = 928D5421252495AB004AB475 /* Build configuration list for PBXNativeTarget "UseCoreNFCUITests" */;
			buildPhases = (
				FAF0DFE4E92230F5169C28E2 /* [CP] Check Pods Manifest.lock */,
				928D540E252495AB004AB475 /* Sources */,
				928D540F252495AB004AB475 /* Frameworks */,
				928D5410252495AB004AB475 /* Resources */,
			);
			buildRules = (
			);
			dependencies = (
				928D5414252495AB004AB475 /* PBXTargetDependency */,
			);
			name = UseCoreNFCUITests;
			productName = UseCoreNFCUITests;
			productReference = 928D5412252495AB004AB475 /* UseCoreNFCUITests.xctest */;
			productType = "com.apple.product-type.bundle.ui-testing";
		};
/* End PBXNativeTarget section */

/* Begin PBXProject section */
		928D53E9252495AA004AB475 /* Project object */ = {
			isa = PBXProject;
			attributes = {
				LastSwiftUpdateCheck = 1200;
				LastUpgradeCheck = 1200;
				TargetAttributes = {
					928D53F0252495AA004AB475 = {
						CreatedOnToolsVersion = 12.0.1;
					};
					928D5406252495AB004AB475 = {
						CreatedOnToolsVersion = 12.0.1;
						TestTargetID = 928D53F0252495AA004AB475;
					};
					928D5411252495AB004AB475 = {
						CreatedOnToolsVersion = 12.0.1;
						TestTargetID = 928D53F0252495AA004AB475;
					};
				};
			};
			buildConfigurationList = 928D53EC252495AA004AB475 /* Build configuration list for PBXProject "UseCoreNFC" */;
			compatibilityVersion = "Xcode 9.3";
			developmentRegion = en;
			hasScannedForEncodings = 0;
			knownRegions = (
				en,
				Base,
			);
			mainGroup = 928D53E8252495AA004AB475;
			packageReferences = (
				9269E75125392A1A00671C67 /* XCRemoteSwiftPackageReference "ChartView" */,
			);
			productRefGroup = 928D53F2252495AA004AB475 /* Products */;
			projectDirPath = "";
			projectRoot = "";
			targets = (
				928D53F0252495AA004AB475 /* UseCoreNFC */,
				928D5406252495AB004AB475 /* UseCoreNFCTests */,
				928D5411252495AB004AB475 /* UseCoreNFCUITests */,
			);
		};
/* End PBXProject section */

/* Begin PBXResourcesBuildPhase section */
		928D53EF252495AA004AB475 /* Resources */ = {
			isa = PBXResourcesBuildPhase;
			buildActionMask = 2147483647;
			files = (
				928D5401252495AB004AB475 /* LaunchScreen.storyboard in Resources */,
				92836E3425637EDB00A37DBC /* LaunchScreen.storyboard in Resources */,
			);
			runOnlyForDeploymentPostprocessing = 0;
		};
		928D5405252495AB004AB475 /* Resources */ = {
			isa = PBXResourcesBuildPhase;
			buildActionMask = 2147483647;
			files = (
			);
			runOnlyForDeploymentPostprocessing = 0;
		};
		928D5410252495AB004AB475 /* Resources */ = {
			isa = PBXResourcesBuildPhase;
			buildActionMask = 2147483647;
			files = (
			);
			runOnlyForDeploymentPostprocessing = 0;
		};
/* End PBXResourcesBuildPhase section */

/* Begin PBXShellScriptBuildPhase section */
		556BA9379E21EF39DD3613BF /* [CP] Check Pods Manifest.lock */ = {
			isa = PBXShellScriptBuildPhase;
			buildActionMask = 2147483647;
			files = (
			);
			inputFileListPaths = (
			);
			inputPaths = (
				"${PODS_PODFILE_DIR_PATH}/Podfile.lock",
				"${PODS_ROOT}/Manifest.lock",
			);
			name = "[CP] Check Pods Manifest.lock";
			outputFileListPaths = (
			);
			outputPaths = (
				"$(DERIVED_FILE_DIR)/Pods-UseCoreNFC-checkManifestLockResult.txt",
			);
			runOnlyForDeploymentPostprocessing = 0;
			shellPath = /bin/sh;
			shellScript = "diff \"${PODS_PODFILE_DIR_PATH}/Podfile.lock\" \"${PODS_ROOT}/Manifest.lock\" > /dev/null\nif [ $? != 0 ] ; then\n    # print error to STDERR\n    echo \"error: The sandbox is not in sync with the Podfile.lock. Run 'pod install' or update your CocoaPods installation.\" >&2\n    exit 1\nfi\n# This output is used by Xcode 'outputs' to avoid re-running this script phase.\necho \"SUCCESS\" > \"${SCRIPT_OUTPUT_FILE_0}\"\n";
			showEnvVarsInLog = 0;
		};
		6EBA3C5264E0232F857195AD /* [CP] Check Pods Manifest.lock */ = {
			isa = PBXShellScriptBuildPhase;
			buildActionMask = 2147483647;
			files = (
			);
			inputFileListPaths = (
			);
			inputPaths = (
				"${PODS_PODFILE_DIR_PATH}/Podfile.lock",
				"${PODS_ROOT}/Manifest.lock",
			);
			name = "[CP] Check Pods Manifest.lock";
			outputFileListPaths = (
			);
			outputPaths = (
				"$(DERIVED_FILE_DIR)/Pods-UseCoreNFCTests-checkManifestLockResult.txt",
			);
			runOnlyForDeploymentPostprocessing = 0;
			shellPath = /bin/sh;
			shellScript = "diff \"${PODS_PODFILE_DIR_PATH}/Podfile.lock\" \"${PODS_ROOT}/Manifest.lock\" > /dev/null\nif [ $? != 0 ] ; then\n    # print error to STDERR\n    echo \"error: The sandbox is not in sync with the Podfile.lock. Run 'pod install' or update your CocoaPods installation.\" >&2\n    exit 1\nfi\n# This output is used by Xcode 'outputs' to avoid re-running this script phase.\necho \"SUCCESS\" > \"${SCRIPT_OUTPUT_FILE_0}\"\n";
			showEnvVarsInLog = 0;
		};
		FAF0DFE4E92230F5169C28E2 /* [CP] Check Pods Manifest.lock */ = {
			isa = PBXShellScriptBuildPhase;
			buildActionMask = 2147483647;
			files = (
			);
			inputFileListPaths = (
			);
			inputPaths = (
				"${PODS_PODFILE_DIR_PATH}/Podfile.lock",
				"${PODS_ROOT}/Manifest.lock",
			);
			name = "[CP] Check Pods Manifest.lock";
			outputFileListPaths = (
			);
			outputPaths = (
				"$(DERIVED_FILE_DIR)/Pods-UseCoreNFC-UseCoreNFCUITests-checkManifestLockResult.txt",
			);
			runOnlyForDeploymentPostprocessing = 0;
			shellPath = /bin/sh;
			shellScript = "diff \"${PODS_PODFILE_DIR_PATH}/Podfile.lock\" \"${PODS_ROOT}/Manifest.lock\" > /dev/null\nif [ $? != 0 ] ; then\n    # print error to STDERR\n    echo \"error: The sandbox is not in sync with the Podfile.lock. Run 'pod install' or update your CocoaPods installation.\" >&2\n    exit 1\nfi\n# This output is used by Xcode 'outputs' to avoid re-running this script phase.\necho \"SUCCESS\" > \"${SCRIPT_OUTPUT_FILE_0}\"\n";
			showEnvVarsInLog = 0;
		};
/* End PBXShellScriptBuildPhase section */

/* Begin PBXSourcesBuildPhase section */
		928D53ED252495AA004AB475 /* Sources */ = {
			isa = PBXSourcesBuildPhase;
			buildActionMask = 2147483647;
			files = (
				92474DD02526F20000DB6CBD /* DateFormatter.swift in Sources */,
				92FE4CB02529A73F00589C2E /* CardView.swift in Sources */,
				928D53F5252495AA004AB475 /* AppDelegate.swift in Sources */,
				92199FDC252E7C5400C6088B /* NSManagedObjectContext+Extensions.swift in Sources */,
				92199FCE252E79C100C6088B /* UseCoreNFC.xcdatamodeld in Sources */,
				92199FEF252E861800C6088B /* RecordModel.swift in Sources */,
				92199FF9252E883000C6088B /* AddRecordViewModel.swift in Sources */,
				928D53F7252495AA004AB475 /* SceneDelegate.swift in Sources */,
				92199FF4252E868C00C6088B /* RecordViewModel.swift in Sources */,
				92474DAA2526EA3300DB6CBD /* NfcWriteViewModel.swift in Sources */,
				92E3C09425722EAE0042EAB6 /* WriteView.swift in Sources */,
				928D53F9252495AA004AB475 /* ContentView.swift in Sources */,
				92199FE5252E806400C6088B /* CoreDataManager.swift in Sources */,
			);
			runOnlyForDeploymentPostprocessing = 0;
		};
		928D5403252495AB004AB475 /* Sources */ = {
			isa = PBXSourcesBuildPhase;
			buildActionMask = 2147483647;
			files = (
				928D540C252495AB004AB475 /* UseCoreNFCTests.swift in Sources */,
			);
			runOnlyForDeploymentPostprocessing = 0;
		};
		928D540E252495AB004AB475 /* Sources */ = {
			isa = PBXSourcesBuildPhase;
			buildActionMask = 2147483647;
			files = (
				928D5417252495AB004AB475 /* UseCoreNFCUITests.swift in Sources */,
			);
			runOnlyForDeploymentPostprocessing = 0;
		};
/* End PBXSourcesBuildPhase section */

/* Begin PBXTargetDependency section */
		928D5409252495AB004AB475 /* PBXTargetDependency */ = {
			isa = PBXTargetDependency;
			target = 928D53F0252495AA004AB475 /* UseCoreNFC */;
			targetProxy = 928D5408252495AB004AB475 /* PBXContainerItemProxy */;
		};
		928D5414252495AB004AB475 /* PBXTargetDependency */ = {
			isa = PBXTargetDependency;
			target = 928D53F0252495AA004AB475 /* UseCoreNFC */;
			targetProxy = 928D5413252495AB004AB475 /* PBXContainerItemProxy */;
		};
/* End PBXTargetDependency section */

/* Begin PBXVariantGroup section */
		928D53FF252495AB004AB475 /* LaunchScreen.storyboard */ = {
			isa = PBXVariantGroup;
			children = (
				928D5400252495AB004AB475 /* Base */,
			);
			name = LaunchScreen.storyboard;
			sourceTree = "<group>";
		};
/* End PBXVariantGroup section */

/* Begin XCBuildConfiguration section */
		928D5419252495AB004AB475 /* Debug */ = {
			isa = XCBuildConfiguration;
			buildSettings = {
				ALWAYS_SEARCH_USER_PATHS = NO;
				CLANG_ANALYZER_NONNULL = YES;
				CLANG_ANALYZER_NUMBER_OBJECT_CONVERSION = YES_AGGRESSIVE;
				CLANG_CXX_LANGUAGE_STANDARD = "gnu++14";
				CLANG_CXX_LIBRARY = "libc++";
				CLANG_ENABLE_MODULES = YES;
				CLANG_ENABLE_OBJC_ARC = YES;
				CLANG_ENABLE_OBJC_WEAK = YES;
				CLANG_WARN_BLOCK_CAPTURE_AUTORELEASING = YES;
				CLANG_WARN_BOOL_CONVERSION = YES;
				CLANG_WARN_COMMA = YES;
				CLANG_WARN_CONSTANT_CONVERSION = YES;
				CLANG_WARN_DEPRECATED_OBJC_IMPLEMENTATIONS = YES;
				CLANG_WARN_DIRECT_OBJC_ISA_USAGE = YES_ERROR;
				CLANG_WARN_DOCUMENTATION_COMMENTS = YES;
				CLANG_WARN_EMPTY_BODY = YES;
				CLANG_WARN_ENUM_CONVERSION = YES;
				CLANG_WARN_INFINITE_RECURSION = YES;
				CLANG_WARN_INT_CONVERSION = YES;
				CLANG_WARN_NON_LITERAL_NULL_CONVERSION = YES;
				CLANG_WARN_OBJC_IMPLICIT_RETAIN_SELF = YES;
				CLANG_WARN_OBJC_LITERAL_CONVERSION = YES;
				CLANG_WARN_OBJC_ROOT_CLASS = YES_ERROR;
				CLANG_WARN_QUOTED_INCLUDE_IN_FRAMEWORK_HEADER = YES;
				CLANG_WARN_RANGE_LOOP_ANALYSIS = YES;
				CLANG_WARN_STRICT_PROTOTYPES = YES;
				CLANG_WARN_SUSPICIOUS_MOVE = YES;
				CLANG_WARN_UNGUARDED_AVAILABILITY = YES_AGGRESSIVE;
				CLANG_WARN_UNREACHABLE_CODE = YES;
				CLANG_WARN__DUPLICATE_METHOD_MATCH = YES;
				COPY_PHASE_STRIP = NO;
				DEBUG_INFORMATION_FORMAT = dwarf;
				ENABLE_STRICT_OBJC_MSGSEND = YES;
				ENABLE_TESTABILITY = YES;
				GCC_C_LANGUAGE_STANDARD = gnu11;
				GCC_DYNAMIC_NO_PIC = NO;
				GCC_NO_COMMON_BLOCKS = YES;
				GCC_OPTIMIZATION_LEVEL = 0;
				GCC_PREPROCESSOR_DEFINITIONS = (
					"DEBUG=1",
					"$(inherited)",
				);
				GCC_WARN_64_TO_32_BIT_CONVERSION = YES;
				GCC_WARN_ABOUT_RETURN_TYPE = YES_ERROR;
				GCC_WARN_UNDECLARED_SELECTOR = YES;
				GCC_WARN_UNINITIALIZED_AUTOS = YES_AGGRESSIVE;
				GCC_WARN_UNUSED_FUNCTION = YES;
				GCC_WARN_UNUSED_VARIABLE = YES;
				IPHONEOS_DEPLOYMENT_TARGET = 14.0;
				MTL_ENABLE_DEBUG_INFO = INCLUDE_SOURCE;
				MTL_FAST_MATH = YES;
				ONLY_ACTIVE_ARCH = YES;
				SDKROOT = iphoneos;
				SWIFT_ACTIVE_COMPILATION_CONDITIONS = DEBUG;
				SWIFT_OPTIMIZATION_LEVEL = "-Onone";
			};
			name = Debug;
		};
		928D541A252495AB004AB475 /* Release */ = {
			isa = XCBuildConfiguration;
			buildSettings = {
				ALWAYS_SEARCH_USER_PATHS = NO;
				CLANG_ANALYZER_NONNULL = YES;
				CLANG_ANALYZER_NUMBER_OBJECT_CONVERSION = YES_AGGRESSIVE;
				CLANG_CXX_LANGUAGE_STANDARD = "gnu++14";
				CLANG_CXX_LIBRARY = "libc++";
				CLANG_ENABLE_MODULES = YES;
				CLANG_ENABLE_OBJC_ARC = YES;
				CLANG_ENABLE_OBJC_WEAK = YES;
				CLANG_WARN_BLOCK_CAPTURE_AUTORELEASING = YES;
				CLANG_WARN_BOOL_CONVERSION = YES;
				CLANG_WARN_COMMA = YES;
				CLANG_WARN_CONSTANT_CONVERSION = YES;
				CLANG_WARN_DEPRECATED_OBJC_IMPLEMENTATIONS = YES;
				CLANG_WARN_DIRECT_OBJC_ISA_USAGE = YES_ERROR;
				CLANG_WARN_DOCUMENTATION_COMMENTS = YES;
				CLANG_WARN_EMPTY_BODY = YES;
				CLANG_WARN_ENUM_CONVERSION = YES;
				CLANG_WARN_INFINITE_RECURSION = YES;
				CLANG_WARN_INT_CONVERSION = YES;
				CLANG_WARN_NON_LITERAL_NULL_CONVERSION = YES;
				CLANG_WARN_OBJC_IMPLICIT_RETAIN_SELF = YES;
				CLANG_WARN_OBJC_LITERAL_CONVERSION = YES;
				CLANG_WARN_OBJC_ROOT_CLASS = YES_ERROR;
				CLANG_WARN_QUOTED_INCLUDE_IN_FRAMEWORK_HEADER = YES;
				CLANG_WARN_RANGE_LOOP_ANALYSIS = YES;
				CLANG_WARN_STRICT_PROTOTYPES = YES;
				CLANG_WARN_SUSPICIOUS_MOVE = YES;
				CLANG_WARN_UNGUARDED_AVAILABILITY = YES_AGGRESSIVE;
				CLANG_WARN_UNREACHABLE_CODE = YES;
				CLANG_WARN__DUPLICATE_METHOD_MATCH = YES;
				COPY_PHASE_STRIP = NO;
				DEBUG_INFORMATION_FORMAT = "dwarf-with-dsym";
				ENABLE_NS_ASSERTIONS = NO;
				ENABLE_STRICT_OBJC_MSGSEND = YES;
				GCC_C_LANGUAGE_STANDARD = gnu11;
				GCC_NO_COMMON_BLOCKS = YES;
				GCC_WARN_64_TO_32_BIT_CONVERSION = YES;
				GCC_WARN_ABOUT_RETURN_TYPE = YES_ERROR;
				GCC_WARN_UNDECLARED_SELECTOR = YES;
				GCC_WARN_UNINITIALIZED_AUTOS = YES_AGGRESSIVE;
				GCC_WARN_UNUSED_FUNCTION = YES;
				GCC_WARN_UNUSED_VARIABLE = YES;
				IPHONEOS_DEPLOYMENT_TARGET = 14.0;
				MTL_ENABLE_DEBUG_INFO = NO;
				MTL_FAST_MATH = YES;
				SDKROOT = iphoneos;
				SWIFT_COMPILATION_MODE = wholemodule;
				SWIFT_OPTIMIZATION_LEVEL = "-O";
				VALIDATE_PRODUCT = YES;
			};
			name = Release;
		};
		928D541C252495AB004AB475 /* Debug */ = {
			isa = XCBuildConfiguration;
			baseConfigurationReference = 1ECFD2AC7A7701057ACED8BB /* Pods-UseCoreNFC.debug.xcconfig */;
			buildSettings = {
				ASSETCATALOG_COMPILER_APPICON_NAME = AppIcon;
				ASSETCATALOG_COMPILER_GLOBAL_ACCENT_COLOR_NAME = AccentColor;
				CODE_SIGN_ENTITLEMENTS = UseCoreNFC/UseCoreNFC.entitlements;
				CODE_SIGN_STYLE = Automatic;
				CURRENT_PROJECT_VERSION = 1.0.0;
				DEVELOPMENT_ASSET_PATHS = "\"UseCoreNFC/Preview Content\"";
				DEVELOPMENT_TEAM = 4L3H8AS5LU;
				ENABLE_PREVIEWS = YES;
				INFOPLIST_FILE = UseCoreNFC/Info.plist;
				LD_RUNPATH_SEARCH_PATHS = (
					"$(inherited)",
					"@executable_path/Frameworks",
				);
				MARKETING_VERSION = 1.0.2;
				PRODUCT_BUNDLE_IDENTIFIER = com.kamimura.UseCoreNFC;
				PRODUCT_NAME = "$(TARGET_NAME)";
				SWIFT_VERSION = 5.0;
				TARGETED_DEVICE_FAMILY = 1;
			};
			name = Debug;
		};
		928D541D252495AB004AB475 /* Release */ = {
			isa = XCBuildConfiguration;
			baseConfigurationReference = 9649575EBB6468C70C6998E5 /* Pods-UseCoreNFC.release.xcconfig */;
			buildSettings = {
				ASSETCATALOG_COMPILER_APPICON_NAME = AppIcon;
				ASSETCATALOG_COMPILER_GLOBAL_ACCENT_COLOR_NAME = AccentColor;
				CODE_SIGN_ENTITLEMENTS = UseCoreNFC/UseCoreNFC.entitlements;
				CODE_SIGN_STYLE = Automatic;
				CURRENT_PROJECT_VERSION = 1.0.0;
				DEVELOPMENT_ASSET_PATHS = "\"UseCoreNFC/Preview Content\"";
				DEVELOPMENT_TEAM = 4L3H8AS5LU;
				ENABLE_PREVIEWS = YES;
				INFOPLIST_FILE = UseCoreNFC/Info.plist;
				LD_RUNPATH_SEARCH_PATHS = (
					"$(inherited)",
					"@executable_path/Frameworks",
				);
				MARKETING_VERSION = 1.0.2;
				PRODUCT_BUNDLE_IDENTIFIER = com.kamimura.UseCoreNFC;
				PRODUCT_NAME = "$(TARGET_NAME)";
				SWIFT_VERSION = 5.0;
				TARGETED_DEVICE_FAMILY = 1;
			};
			name = Release;
		};
		928D541F252495AB004AB475 /* Debug */ = {
			isa = XCBuildConfiguration;
			baseConfigurationReference = 43F57393BAAC4914AAA4E054 /* Pods-UseCoreNFCTests.debug.xcconfig */;
			buildSettings = {
				ALWAYS_EMBED_SWIFT_STANDARD_LIBRARIES = "$(inherited)";
				BUNDLE_LOADER = "$(TEST_HOST)";
				CODE_SIGN_STYLE = Automatic;
				DEVELOPMENT_TEAM = 4L3H8AS5LU;
				INFOPLIST_FILE = UseCoreNFCTests/Info.plist;
				IPHONEOS_DEPLOYMENT_TARGET = 14.0;
				LD_RUNPATH_SEARCH_PATHS = (
					"$(inherited)",
					"@executable_path/Frameworks",
					"@loader_path/Frameworks",
				);
				PRODUCT_BUNDLE_IDENTIFIER = com.kamimura.UseCoreNFCTests;
				PRODUCT_NAME = "$(TARGET_NAME)";
				SWIFT_VERSION = 5.0;
				TARGETED_DEVICE_FAMILY = "1,2";
				TEST_HOST = "$(BUILT_PRODUCTS_DIR)/UseCoreNFC.app/UseCoreNFC";
			};
			name = Debug;
		};
		928D5420252495AB004AB475 /* Release */ = {
			isa = XCBuildConfiguration;
			baseConfigurationReference = 4CF41C43F8B2EBAE266C66CC /* Pods-UseCoreNFCTests.release.xcconfig */;
			buildSettings = {
				ALWAYS_EMBED_SWIFT_STANDARD_LIBRARIES = "$(inherited)";
				BUNDLE_LOADER = "$(TEST_HOST)";
				CODE_SIGN_STYLE = Automatic;
				DEVELOPMENT_TEAM = 4L3H8AS5LU;
				INFOPLIST_FILE = UseCoreNFCTests/Info.plist;
				IPHONEOS_DEPLOYMENT_TARGET = 14.0;
				LD_RUNPATH_SEARCH_PATHS = (
					"$(inherited)",
					"@executable_path/Frameworks",
					"@loader_path/Frameworks",
				);
				PRODUCT_BUNDLE_IDENTIFIER = com.kamimura.UseCoreNFCTests;
				PRODUCT_NAME = "$(TARGET_NAME)";
				SWIFT_VERSION = 5.0;
				TARGETED_DEVICE_FAMILY = "1,2";
				TEST_HOST = "$(BUILT_PRODUCTS_DIR)/UseCoreNFC.app/UseCoreNFC";
			};
			name = Release;
		};
		928D5422252495AB004AB475 /* Debug */ = {
			isa = XCBuildConfiguration;
			baseConfigurationReference = 0BDCF754765C9BB55AE52333 /* Pods-UseCoreNFC-UseCoreNFCUITests.debug.xcconfig */;
			buildSettings = {
				ALWAYS_EMBED_SWIFT_STANDARD_LIBRARIES = "$(inherited)";
				CODE_SIGN_STYLE = Automatic;
				DEVELOPMENT_TEAM = 4L3H8AS5LU;
				INFOPLIST_FILE = UseCoreNFCUITests/Info.plist;
				LD_RUNPATH_SEARCH_PATHS = (
					"$(inherited)",
					"@executable_path/Frameworks",
					"@loader_path/Frameworks",
				);
				PRODUCT_BUNDLE_IDENTIFIER = com.kamimura.UseCoreNFCUITests;
				PRODUCT_NAME = "$(TARGET_NAME)";
				SWIFT_VERSION = 5.0;
				TARGETED_DEVICE_FAMILY = "1,2";
				TEST_TARGET_NAME = UseCoreNFC;
			};
			name = Debug;
		};
		928D5423252495AB004AB475 /* Release */ = {
			isa = XCBuildConfiguration;
			baseConfigurationReference = D5D2159C0B4146CFB55CCB25 /* Pods-UseCoreNFC-UseCoreNFCUITests.release.xcconfig */;
			buildSettings = {
				ALWAYS_EMBED_SWIFT_STANDARD_LIBRARIES = "$(inherited)";
				CODE_SIGN_STYLE = Automatic;
				DEVELOPMENT_TEAM = 4L3H8AS5LU;
				INFOPLIST_FILE = UseCoreNFCUITests/Info.plist;
				LD_RUNPATH_SEARCH_PATHS = (
					"$(inherited)",
					"@executable_path/Frameworks",
					"@loader_path/Frameworks",
				);
				PRODUCT_BUNDLE_IDENTIFIER = com.kamimura.UseCoreNFCUITests;
				PRODUCT_NAME = "$(TARGET_NAME)";
				SWIFT_VERSION = 5.0;
				TARGETED_DEVICE_FAMILY = "1,2";
				TEST_TARGET_NAME = UseCoreNFC;
			};
			name = Release;
		};
/* End XCBuildConfiguration section */

/* Begin XCConfigurationList section */
		928D53EC252495AA004AB475 /* Build configuration list for PBXProject "UseCoreNFC" */ = {
			isa = XCConfigurationList;
			buildConfigurations = (
				928D5419252495AB004AB475 /* Debug */,
				928D541A252495AB004AB475 /* Release */,
			);
			defaultConfigurationIsVisible = 0;
			defaultConfigurationName = Release;
		};
		928D541B252495AB004AB475 /* Build configuration list for PBXNativeTarget "UseCoreNFC" */ = {
			isa = XCConfigurationList;
			buildConfigurations = (
				928D541C252495AB004AB475 /* Debug */,
				928D541D252495AB004AB475 /* Release */,
			);
			defaultConfigurationIsVisible = 0;
			defaultConfigurationName = Release;
		};
		928D541E252495AB004AB475 /* Build configuration list for PBXNativeTarget "UseCoreNFCTests" */ = {
			isa = XCConfigurationList;
			buildConfigurations = (
				928D541F252495AB004AB475 /* Debug */,
				928D5420252495AB004AB475 /* Release */,
			);
			defaultConfigurationIsVisible = 0;
			defaultConfigurationName = Release;
		};
		928D5421252495AB004AB475 /* Build configuration list for PBXNativeTarget "UseCoreNFCUITests" */ = {
			isa = XCConfigurationList;
			buildConfigurations = (
				928D5422252495AB004AB475 /* Debug */,
				928D5423252495AB004AB475 /* Release */,
			);
			defaultConfigurationIsVisible = 0;
			defaultConfigurationName = Release;
		};
/* End XCConfigurationList section */

/* Begin XCRemoteSwiftPackageReference section */
		9269E75125392A1A00671C67 /* XCRemoteSwiftPackageReference "ChartView" */ = {
			isa = XCRemoteSwiftPackageReference;
			repositoryURL = "https://github.com/AppPear/ChartView";
			requirement = {
				kind = upToNextMajorVersion;
				minimumVersion = 1.5.4;
			};
		};
/* End XCRemoteSwiftPackageReference section */

/* Begin XCSwiftPackageProductDependency section */
		9269E75225392A1A00671C67 /* SwiftUICharts */ = {
			isa = XCSwiftPackageProductDependency;
			package = 9269E75125392A1A00671C67 /* XCRemoteSwiftPackageReference "ChartView" */;
			productName = SwiftUICharts;
		};
/* End XCSwiftPackageProductDependency section */

/* Begin XCVersionGroup section */
		92199FCC252E79C100C6088B /* UseCoreNFC.xcdatamodeld */ = {
			isa = XCVersionGroup;
			children = (
				92199FCD252E79C100C6088B /* UseCoreNFC.xcdatamodel */,
			);
			currentVersion = 92199FCD252E79C100C6088B /* UseCoreNFC.xcdatamodel */;
			path = UseCoreNFC.xcdatamodeld;
			sourceTree = "<group>";
			versionGroupType = wrapper.xcdatamodel;
		};
/* End XCVersionGroup section */
	};
	rootObject = 928D53E9252495AA004AB475 /* Project object */;
}
